// !$*UTF8*$!
{
	archiveVersion = 1;
	classes = {
	};
	objectVersion = 50;
	objects = {

/* Begin PBXBuildFile section */
		6EDE46992422A7F700C0E030 /* AppDelegate.swift in Sources */ = {isa = PBXBuildFile; fileRef = 6EDE46982422A7F700C0E030 /* AppDelegate.swift */; };
		6EDE469B2422A7F700C0E030 /* SceneDelegate.swift in Sources */ = {isa = PBXBuildFile; fileRef = 6EDE469A2422A7F700C0E030 /* SceneDelegate.swift */; };
		6EDE469D2422A7F700C0E030 /* ViewController.swift in Sources */ = {isa = PBXBuildFile; fileRef = 6EDE469C2422A7F700C0E030 /* ViewController.swift */; };
		6EDE46A02422A7F700C0E030 /* Main.storyboard in Resources */ = {isa = PBXBuildFile; fileRef = 6EDE469E2422A7F700C0E030 /* Main.storyboard */; };
		6EDE46A22422A7FB00C0E030 /* Assets.xcassets in Resources */ = {isa = PBXBuildFile; fileRef = 6EDE46A12422A7FB00C0E030 /* Assets.xcassets */; };
		6EDE46A52422A7FB00C0E030 /* LaunchScreen.storyboard in Resources */ = {isa = PBXBuildFile; fileRef = 6EDE46A32422A7FB00C0E030 /* LaunchScreen.storyboard */; };
		6EDE46AD2422AB8600C0E030 /* imageList.plist in Resources */ = {isa = PBXBuildFile; fileRef = 6EDE46AC2422AB8600C0E030 /* imageList.plist */; };
/* End PBXBuildFile section */

/* Begin PBXFileReference section */
		6EDE46952422A7F700C0E030 /* Statham.app */ = {isa = PBXFileReference; explicitFileType = wrapper.application; includeInIndex = 0; path = Statham.app; sourceTree = BUILT_PRODUCTS_DIR; };
		6EDE46982422A7F700C0E030 /* AppDelegate.swift */ = {isa = PBXFileReference; lastKnownFileType = sourcecode.swift; path = AppDelegate.swift; sourceTree = "<group>"; };
		6EDE469A2422A7F700C0E030 /* SceneDelegate.swift */ = {isa = PBXFileReference; lastKnownFileType = sourcecode.swift; path = SceneDelegate.swift; sourceTree = "<group>"; };
		6EDE469C2422A7F700C0E030 /* ViewController.swift */ = {isa = PBXFileReference; lastKnownFileType = sourcecode.swift; path = ViewController.swift; sourceTree = "<group>"; };
		6EDE469F2422A7F700C0E030 /* Base */ = {isa = PBXFileReference; lastKnownFileType = file.storyboard; name = Base; path = Base.lproj/Main.storyboard; sourceTree = "<group>"; };
		6EDE46A12422A7FB00C0E030 /* Assets.xcassets */ = {isa = PBXFileReference; lastKnownFileType = folder.assetcatalog; path = Assets.xcassets; sourceTree = "<group>"; };
		6EDE46A42422A7FB00C0E030 /* Base */ = {isa = PBXFileReference; lastKnownFileType = file.storyboard; name = Base; path = Base.lproj/LaunchScreen.storyboard; sourceTree = "<group>"; };
		6EDE46A62422A7FB00C0E030 /* Info.plist */ = {isa = PBXFileReference; lastKnownFileType = text.plist.xml; path = Info.plist; sourceTree = "<group>"; };
		6EDE46AC2422AB8600C0E030 /* imageList.plist */ = {isa = PBXFileReference; lastKnownFileType = text.plist.xml; path = imageList.plist; sourceTree = "<group>"; };
/* End PBXFileReference section */

/* Begin PBXFrameworksBuildPhase section */
		6EDE46922422A7F700C0E030 /* Frameworks */ = {
			isa = PBXFrameworksBuildPhase;
			buildActionMask = 2147483647;
			files = (
			);
			runOnlyForDeploymentPostprocessing = 0;
		};
/* End PBXFrameworksBuildPhase section */

/* Begin PBXGroup section */
		6EDE468C2422A7F700C0E030 = {
			isa = PBXGroup;
			children = (
				6EDE46972422A7F700C0E030 /* Statham */,
				6EDE46962422A7F700C0E030 /* Products */,
			);
			sourceTree = "<group>";
		};
		6EDE46962422A7F700C0E030 /* Products */ = {
			isa = PBXGroup;
			children = (
				6EDE46952422A7F700C0E030 /* Statham.app */,
			);
			name = Products;
			sourceTree = "<group>";
		};
		6EDE46972422A7F700C0E030 /* Statham */ = {
			isa = PBXGroup;
			children = (
				6EDE46982422A7F700C0E030 /* AppDelegate.swift */,
				6EDE469A2422A7F700C0E030 /* SceneDelegate.swift */,
				6EDE469C2422A7F700C0E030 /* ViewController.swift */,
				6EDE469E2422A7F700C0E030 /* Main.storyboard */,
				6EDE46A12422A7FB00C0E030 /* Assets.xcassets */,
				6EDE46A32422A7FB00C0E030 /* LaunchScreen.storyboard */,
				6EDE46A62422A7FB00C0E030 /* Info.plist */,
				6EDE46AC2422AB8600C0E030 /* imageList.plist */,
			);
			path = Statham;
			sourceTree = "<group>";
		};
/* End PBXGroup section */

/* Begin PBXNativeTarget section */
		6EDE46942422A7F700C0E030 /* Statham */ = {
			isa = PBXNativeTarget;
			buildConfigurationList = 6EDE46A92422A7FB00C0E030 /* Build configuration list for PBXNativeTarget "Statham" */;
			buildPhases = (
				6EDE46912422A7F700C0E030 /* Sources */,
				6EDE46922422A7F700C0E030 /* Frameworks */,
				6EDE46932422A7F700C0E030 /* Resources */,
			);
			buildRules = (
			);
			dependencies = (
			);
			name = Statham;
			productName = Statham;
			productReference = 6EDE46952422A7F700C0E030 /* Statham.app */;
			productType = "com.apple.product-type.application";
		};
/* End PBXNativeTarget section */

/* Begin PBXProject section */
		6EDE468D2422A7F700C0E030 /* Project object */ = {
			isa = PBXProject;
			attributes = {
				LastSwiftUpdateCheck = 1130;
				LastUpgradeCheck = 1130;
				ORGANIZATIONNAME = "Елизавета";
				TargetAttributes = {
					6EDE46942422A7F700C0E030 = {
						CreatedOnToolsVersion = 11.3.1;
					};
				};
			};
			buildConfigurationList = 6EDE46902422A7F700C0E030 /* Build configuration list for PBXProject "Statham" */;
			compatibilityVersion = "Xcode 9.3";
			developmentRegion = en;
			hasScannedForEncodings = 0;
			knownRegions = (
				en,
				Base,
			);
			mainGroup = 6EDE468C2422A7F700C0E030;
			productRefGroup = 6EDE46962422A7F700C0E030 /* Products */;
			projectDirPath = "";
			projectRoot = "";
			targets = (
				6EDE46942422A7F700C0E030 /* Statham */,
			);
		};
/* End PBXProject section */

/* Begin PBXResourcesBuildPhase section */
		6EDE46932422A7F700C0E030 /* Resources */ = {
			isa = PBXResourcesBuildPhase;
			buildActionMask = 2147483647;
			files = (
				6EDE46AD2422AB8600C0E030 /* imageList.plist in Resources */,
				6EDE46A52422A7FB00C0E030 /* LaunchScreen.storyboard in Resources */,
				6EDE46A22422A7FB00C0E030 /* Assets.xcassets in Resources */,
				6EDE46A02422A7F700C0E030 /* Main.storyboard in Resources */,
			);
			runOnlyForDeploymentPostprocessing = 0;
		};
/* End PBXResourcesBuildPhase section */

/* Begin PBXSourcesBuildPhase section */
		6EDE46912422A7F700C0E030 /* Sources */ = {
			isa = PBXSourcesBuildPhase;
			buildActionMask = 2147483647;
			files = (
				6EDE469D2422A7F700C0E030 /* ViewController.swift in Sources */,
				6EDE46992422A7F700C0E030 /* AppDelegate.swift in Sources */,
				6EDE469B2422A7F700C0E030 /* SceneDelegate.swift in Sources */,
			);
			runOnlyForDeploymentPostprocessing = 0;
		};
/* End PBXSourcesBuildPhase section */

/* Begin PBXVariantGroup section */
		6EDE469E2422A7F700C0E030 /* Main.storyboard */ = {
			isa = PBXVariantGroup;
			children = (
				6EDE469F2422A7F700C0E030 /* Base */,
			);
			name = Main.storyboard;
			sourceTree = "<group>";
		};
		6EDE46A32422A7FB00C0E030 /* LaunchScreen.storyboard */ = {
			isa = PBXVariantGroup;
			children = (
				6EDE46A42422A7FB00C0E030 /* Base */,
			);
			name = LaunchScreen.storyboard;
			sourceTree = "<group>";
		};
/* End PBXVariantGroup section */

/* Begin XCBuildConfiguration section */
		6EDE46A72422A7FB00C0E030 /* Debug */ = {
			isa = XCBuildConfiguration;
			buildSettings = {
				ALWAYS_SEARCH_USER_PATHS = NO;
				CLANG_ANALYZER_NONNULL = YES;
				CLANG_ANALYZER_NUMBER_OBJECT_CONVERSION = YES_AGGRESSIVE;
				CLANG_CXX_LANGUAGE_STANDARD = "gnu++14";
				CLANG_CXX_LIBRARY = "libc++";
				CLANG_ENABLE_MODULES = YES;
				CLANG_ENABLE_OBJC_ARC = YES;
				CLANG_ENABLE_OBJC_WEAK = YES;
				CLANG_WARN_BLOCK_CAPTURE_AUTORELEASING = YES;
				CLANG_WARN_BOOL_CONVERSION = YES;
				CLANG_WARN_COMMA = YES;
				CLANG_WARN_CONSTANT_CONVERSION = YES;
				CLANG_WARN_DEPRECATED_OBJC_IMPLEMENTATIONS = YES;
				CLANG_WARN_DIRECT_OBJC_ISA_USAGE = YES_ERROR;
				CLANG_WARN_DOCUMENTATION_COMMENTS = YES;
				CLANG_WARN_EMPTY_BODY = YES;
				CLANG_WARN_ENUM_CONVERSION = YES;
				CLANG_WARN_INFINITE_RECURSION = YES;
				CLANG_WARN_INT_CONVERSION = YES;
				CLANG_WARN_NON_LITERAL_NULL_CONVERSION = YES;
				CLANG_WARN_OBJC_IMPLICIT_RETAIN_SELF = YES;
				CLANG_WARN_OBJC_LITERAL_CONVERSION = YES;
				CLANG_WARN_OBJC_ROOT_CLASS = YES_ERROR;
				CLANG_WARN_RANGE_LOOP_ANALYSIS = YES;
				CLANG_WARN_STRICT_PROTOTYPES = YES;
				CLANG_WARN_SUSPICIOUS_MOVE = YES;
				CLANG_WARN_UNGUARDED_AVAILABILITY = YES_AGGRESSIVE;
				CLANG_WARN_UNREACHABLE_CODE = YES;
				CLANG_WARN__DUPLICATE_METHOD_MATCH = YES;
				COPY_PHASE_STRIP = NO;
				DEBUG_INFORMATION_FORMAT = dwarf;
				ENABLE_STRICT_OBJC_MSGSEND = YES;
				ENABLE_TESTABILITY = YES;
				GCC_C_LANGUAGE_STANDARD = gnu11;
				GCC_DYNAMIC_NO_PIC = NO;
				GCC_NO_COMMON_BLOCKS = YES;
				GCC_OPTIMIZATION_LEVEL = 0;
				GCC_PREPROCESSOR_DEFINITIONS = (
					"DEBUG=1",
					"$(inherited)",
				);
				GCC_WARN_64_TO_32_BIT_CONVERSION = YES;
				GCC_WARN_ABOUT_RETURN_TYPE = YES_ERROR;
				GCC_WARN_UNDECLARED_SELECTOR = YES;
				GCC_WARN_UNINITIALIZED_AUTOS = YES_AGGRESSIVE;
				GCC_WARN_UNUSED_FUNCTION = YES;
				GCC_WARN_UNUSED_VARIABLE = YES;
				IPHONEOS_DEPLOYMENT_TARGET = 13.2;
				MTL_ENABLE_DEBUG_INFO = INCLUDE_SOURCE;
				MTL_FAST_MATH = YES;
				ONLY_ACTIVE_ARCH = YES;
				SDKROOT = iphoneos;
				SWIFT_ACTIVE_COMPILATION_CONDITIONS = DEBUG;
				SWIFT_OPTIMIZATION_LEVEL = "-Onone";
			};
			name = Debug;
		};
		6EDE46A82422A7FB00C0E030 /* Release */ = {
			isa = XCBuildConfiguration;
			buildSettings = {
				ALWAYS_SEARCH_USER_PATHS = NO;
				CLANG_ANALYZER_NONNULL = YES;
				CLANG_ANALYZER_NUMBER_OBJECT_CONVERSION = YES_AGGRESSIVE;
				CLANG_CXX_LANGUAGE_STANDARD = "gnu++14";
				CLANG_CXX_LIBRARY = "libc++";
				CLANG_ENABLE_MODULES = YES;
				CLANG_ENABLE_OBJC_ARC = YES;
				CLANG_ENABLE_OBJC_WEAK = YES;
				CLANG_WARN_BLOCK_CAPTURE_AUTORELEASING = YES;
				CLANG_WARN_BOOL_CONVERSION = YES;
				CLANG_WARN_COMMA = YES;
				CLANG_WARN_CONSTANT_CONVERSION = YES;
				CLANG_WARN_DEPRECATED_OBJC_IMPLEMENTATIONS = YES;
				CLANG_WARN_DIRECT_OBJC_ISA_USAGE = YES_ERROR;
				CLANG_WARN_DOCUMENTATION_COMMENTS = YES;
				CLANG_WARN_EMPTY_BODY = YES;
				CLANG_WARN_ENUM_CONVERSION = YES;
				CLANG_WARN_INFINITE_RECURSION = YES;
				CLANG_WARN_INT_CONVERSION = YES;
				CLANG_WARN_NON_LITERAL_NULL_CONVERSION = YES;
				CLANG_WARN_OBJC_IMPLICIT_RETAIN_SELF = YES;
				CLANG_WARN_OBJC_LITERAL_CONVERSION = YES;
				CLANG_WARN_OBJC_ROOT_CLASS = YES_ERROR;
				CLANG_WARN_RANGE_LOOP_ANALYSIS = YES;
				CLANG_WARN_STRICT_PROTOTYPES = YES;
				CLANG_WARN_SUSPICIOUS_MOVE = YES;
				CLANG_WARN_UNGUARDED_AVAILABILITY = YES_AGGRESSIVE;
				CLANG_WARN_UNREACHABLE_CODE = YES;
				CLANG_WARN__DUPLICATE_METHOD_MATCH = YES;
				COPY_PHASE_STRIP = NO;
				DEBUG_INFORMATION_FORMAT = "dwarf-with-dsym";
				ENABLE_NS_ASSERTIONS = NO;
				ENABLE_STRICT_OBJC_MSGSEND = YES;
				GCC_C_LANGUAGE_STANDARD = gnu11;
				GCC_NO_COMMON_BLOCKS = YES;
				GCC_WARN_64_TO_32_BIT_CONVERSION = YES;
				GCC_WARN_ABOUT_RETURN_TYPE = YES_ERROR;
				GCC_WARN_UNDECLARED_SELECTOR = YES;
				GCC_WARN_UNINITIALIZED_AUTOS = YES_AGGRESSIVE;
				GCC_WARN_UNUSED_FUNCTION = YES;
				GCC_WARN_UNUSED_VARIABLE = YES;
				IPHONEOS_DEPLOYMENT_TARGET = 13.2;
				MTL_ENABLE_DEBUG_INFO = NO;
				MTL_FAST_MATH = YES;
				SDKROOT = iphoneos;
				SWIFT_COMPILATION_MODE = wholemodule;
				SWIFT_OPTIMIZATION_LEVEL = "-O";
				VALIDATE_PRODUCT = YES;
			};
			name = Release;
		};
		6EDE46AA2422A7FB00C0E030 /* Debug */ = {
			isa = XCBuildConfiguration;
			buildSettings = {
				ASSETCATALOG_COMPILER_APPICON_NAME = AppIcon;
				CODE_SIGN_STYLE = Automatic;
				INFOPLIST_FILE = Statham/Info.plist;
				LD_RUNPATH_SEARCH_PATHS = (
					"$(inherited)",
					"@executable_path/Frameworks",
				);
				PRODUCT_BUNDLE_IDENTIFIER = liza.Statham;
				PRODUCT_NAME = "$(TARGET_NAME)";
				SWIFT_VERSION = 5.0;
				TARGETED_DEVICE_FAMILY = "1,2";
			};
			name = Debug;
		};
		6EDE46AB2422A7FB00C0E030 /* Release */ = {
			isa = XCBuildConfiguration;
			buildSettings = {
				ASSETCATALOG_COMPILER_APPICON_NAME = AppIcon;
				CODE_SIGN_STYLE = Automatic;
				INFOPLIST_FILE = Statham/Info.plist;
				LD_RUNPATH_SEARCH_PATHS = (
					"$(inherited)",
					"@executable_path/Frameworks",
				);
				PRODUCT_BUNDLE_IDENTIFIER = liza.Statham;
				PRODUCT_NAME = "$(TARGET_NAME)";
				SWIFT_VERSION = 5.0;
				TARGETED_DEVICE_FAMILY = "1,2";
			};
			name = Release;
		};
/* End XCBuildConfiguration section */

/* Begin XCConfigurationList section */
		6EDE46902422A7F700C0E030 /* Build configuration list for PBXProject "Statham" */ = {
			isa = XCConfigurationList;
			buildConfigurations = (
				6EDE46A72422A7FB00C0E030 /* Debug */,
				6EDE46A82422A7FB00C0E030 /* Release */,
			);
			defaultConfigurationIsVisible = 0;
			defaultConfigurationName = Release;
		};
		6EDE46A92422A7FB00C0E030 /* Build configuration list for PBXNativeTarget "Statham" */ = {
			isa = XCConfigurationList;
			buildConfigurations = (
				6EDE46AA2422A7FB00C0E030 /* Debug */,
				6EDE46AB2422A7FB00C0E030 /* Release */,
			);
			defaultConfigurationIsVisible = 0;
			defaultConfigurationName = Release;
		};
/* End XCConfigurationList section */
	};
	rootObject = 6EDE468D2422A7F700C0E030 /* Project object */;
}
